
Microsoft Visual Studio Solution File, Format Version 12.00
# Visual Studio 14
VisualStudioVersion = 14.0.24720.0
MinimumVisualStudioVersion = 10.0.40219.1
Project("{FAE04EC0-301F-11D3-BF4B-00C04F79EFBC}") = "Zaplata_App", "Zaplata_App\Zaplata_App.csproj", "{6FC16E2E-CED0-449A-AEF3-37D64B627C8D}"
EndProject
Project("{FAE04EC0-301F-11D3-BF4B-00C04F79EFBC}") = "2D_Graphics_Car", "2D_Graphics_Car\2D_Graphics_Car.csproj", "{22388933-2513-4D90-9237-F7F3B23B6164}"
EndProject
Project("{FAE04EC0-301F-11D3-BF4B-00C04F79EFBC}") = "2D_Graphics_Car_Start_Screen", "2D_Graphics_Car_Start_Screen\2D_Graphics_Car_Start_Screen.csproj", "{AAFC8AFC-D99C-4676-B32B-BACD1D1EA9F7}"
EndProject
Global
	GlobalSection(SolutionConfigurationPlatforms) = preSolution
		Debug|Any CPU = Debug|Any CPU
		Release|Any CPU = Release|Any CPU
	EndGlobalSection
	GlobalSection(ProjectConfigurationPlatforms) = postSolution
		{6FC16E2E-CED0-449A-AEF3-37D64B627C8D}.Debug|Any CPU.ActiveCfg = Debug|Any CPU
		{6FC16E2E-CED0-449A-AEF3-37D64B627C8D}.Debug|Any CPU.Build.0 = Debug|Any CPU
		{6FC16E2E-CED0-449A-AEF3-37D64B627C8D}.Release|Any CPU.ActiveCfg = Release|Any CPU
		{6FC16E2E-CED0-449A-AEF3-37D64B627C8D}.Release|Any CPU.Build.0 = Release|Any CPU
		{22388933-2513-4D90-9237-F7F3B23B6164}.Debug|Any CPU.ActiveCfg = Debug|Any CPU
		{22388933-2513-4D90-9237-F7F3B23B6164}.Debug|Any CPU.Build.0 = Debug|Any CPU
		{22388933-2513-4D90-9237-F7F3B23B6164}.Release|Any CPU.ActiveCfg = Release|Any CPU
		{22388933-2513-4D90-9237-F7F3B23B6164}.Release|Any CPU.Build.0 = Release|Any CPU
		{AAFC8AFC-D99C-4676-B32B-BACD1D1EA9F7}.Debug|Any CPU.ActiveCfg = Debug|Any CPU
		{AAFC8AFC-D99C-4676-B32B-BACD1D1EA9F7}.Debug|Any CPU.Build.0 = Debug|Any CPU
		{AAFC8AFC-D99C-4676-B32B-BACD1D1EA9F7}.Release|Any CPU.ActiveCfg = Release|Any CPU
		{AAFC8AFC-D99C-4676-B32B-BACD1D1EA9F7}.Release|Any CPU.Build.0 = Release|Any CPU
	EndGlobalSection
	GlobalSection(SolutionProperties) = preSolution
		HideSolutionNode = FALSE
	EndGlobalSection
EndGlobal
